
Microsoft Visual Studio Solution File, Format Version 12.00
# Visual Studio Version 16
VisualStudioVersion = 16.0.28922.388
MinimumVisualStudioVersion = 10.0.40219.1
Project("{FAE04EC0-301F-11D3-BF4B-00C04F79EFBC}") = "Visual Recognition", "Visual Recognition\Visual Recognition.csproj", "{5EAE6F64-DFF2-4C3E-A8D5-8AA12A70C218}"
EndProject
Global
	GlobalSection(SolutionConfigurationPlatforms) = preSolution
		Debug|Any CPU = Debug|Any CPU
		Release|Any CPU = Release|Any CPU
	EndGlobalSection
	GlobalSection(ProjectConfigurationPlatforms) = postSolution
		{5EAE6F64-DFF2-4C3E-A8D5-8AA12A70C218}.Debug|Any CPU.ActiveCfg = Debug|Any CPU
		{5EAE6F64-DFF2-4C3E-A8D5-8AA12A70C218}.Debug|Any CPU.Build.0 = Debug|Any CPU
		{5EAE6F64-DFF2-4C3E-A8D5-8AA12A70C218}.Release|Any CPU.ActiveCfg = Release|Any CPU
		{5EAE6F64-DFF2-4C3E-A8D5-8AA12A70C218}.Release|Any CPU.Build.0 = Release|Any CPU
	EndGlobalSection
	GlobalSection(SolutionProperties) = preSolution
		HideSolutionNode = FALSE
	EndGlobalSection
	GlobalSection(ExtensibilityGlobals) = postSolution
		SolutionGuid = {6BF7CF72-DD8C-4EF1-AD47-D1F6747FC399}
	EndGlobalSection
EndGlobal
