
Microsoft Visual Studio Solution File, Format Version 12.00
# Visual Studio Version 16
VisualStudioVersion = 16.0.28922.388
MinimumVisualStudioVersion = 10.0.40219.1
Project("{9A19103F-16F7-4668-BE54-9A1E7A4F7556}") = "VisualRecognition.API", "VisualRecognition\VisualRecognition.API.csproj", "{D41C59ED-F9AF-4379-857C-7CDD8851ED1D}"
EndProject
Project("{9A19103F-16F7-4668-BE54-9A1E7A4F7556}") = "VisualRecognition.Domain", "VisualRecognition.Domain\VisualRecognition.Domain.csproj", "{18BDA2B0-F49A-454B-955F-0BAB7113A99C}"
EndProject
Project("{2150E333-8FDC-42A3-9474-1A3956D46DE8}") = "image-example", "image-example", "{70BB3F3E-E793-4AC9-BEF6-D462AB1A2191}"
	ProjectSection(SolutionItems) = preProject
		..\..\..\Users\pedro.araujo.correia\Desktop\640px-IBM_VGA_90X8941_on_PS55.jpg = ..\..\..\Users\pedro.araujo.correia\Desktop\640px-IBM_VGA_90X8941_on_PS55.jpg
		..\..\..\Users\pedro.araujo.correia\Desktop\arroz.jpg = ..\..\..\Users\pedro.araujo.correia\Desktop\arroz.jpg
		..\..\..\Users\pedro.araujo.correia\Pictures\face-1.jpg = ..\..\..\Users\pedro.araujo.correia\Pictures\face-1.jpg
		..\..\..\Users\pedro.araujo.correia\Pictures\face-2.jpg = ..\..\..\Users\pedro.araujo.correia\Pictures\face-2.jpg
		..\..\..\Users\pedro.araujo.correia\Desktop\giraffe-classify.jpg = ..\..\..\Users\pedro.araujo.correia\Desktop\giraffe-classify.jpg
	EndProjectSection
EndProject
Project("{FAE04EC0-301F-11D3-BF4B-00C04F79EFBC}") = "VisualRecognition.Infrastructure", "VisualRecognition.Infrastructure\VisualRecognition.Infrastructure.csproj", "{D3C04A08-3277-4452-8B4D-B8DD91A747A8}"
EndProject
Global
	GlobalSection(SolutionConfigurationPlatforms) = preSolution
		Debug|Any CPU = Debug|Any CPU
		Release|Any CPU = Release|Any CPU
	EndGlobalSection
	GlobalSection(ProjectConfigurationPlatforms) = postSolution
		{D41C59ED-F9AF-4379-857C-7CDD8851ED1D}.Debug|Any CPU.ActiveCfg = Debug|Any CPU
		{D41C59ED-F9AF-4379-857C-7CDD8851ED1D}.Debug|Any CPU.Build.0 = Debug|Any CPU
		{D41C59ED-F9AF-4379-857C-7CDD8851ED1D}.Release|Any CPU.ActiveCfg = Release|Any CPU
		{D41C59ED-F9AF-4379-857C-7CDD8851ED1D}.Release|Any CPU.Build.0 = Release|Any CPU
		{18BDA2B0-F49A-454B-955F-0BAB7113A99C}.Debug|Any CPU.ActiveCfg = Debug|Any CPU
		{18BDA2B0-F49A-454B-955F-0BAB7113A99C}.Debug|Any CPU.Build.0 = Debug|Any CPU
		{18BDA2B0-F49A-454B-955F-0BAB7113A99C}.Release|Any CPU.ActiveCfg = Release|Any CPU
		{18BDA2B0-F49A-454B-955F-0BAB7113A99C}.Release|Any CPU.Build.0 = Release|Any CPU
		{D3C04A08-3277-4452-8B4D-B8DD91A747A8}.Debug|Any CPU.ActiveCfg = Debug|Any CPU
		{D3C04A08-3277-4452-8B4D-B8DD91A747A8}.Debug|Any CPU.Build.0 = Debug|Any CPU
		{D3C04A08-3277-4452-8B4D-B8DD91A747A8}.Release|Any CPU.ActiveCfg = Release|Any CPU
		{D3C04A08-3277-4452-8B4D-B8DD91A747A8}.Release|Any CPU.Build.0 = Release|Any CPU
	EndGlobalSection
	GlobalSection(SolutionProperties) = preSolution
		HideSolutionNode = FALSE
	EndGlobalSection
	GlobalSection(ExtensibilityGlobals) = postSolution
		SolutionGuid = {CA787765-5B04-4FD2-801C-9735ABB1C06E}
	EndGlobalSection
EndGlobal
